
Microsoft Visual Studio Solution File, Format Version 12.00
# Visual Studio Version 17
VisualStudioVersion = 17.4.33213.308
MinimumVisualStudioVersion = 10.0.40219.1
Project("{FAE04EC0-301F-11D3-BF4B-00C04F79EFBC}") = "uia-proto", "uia-proto.csproj", "{C17A5E8A-1949-4853-947A-7DCE07721368}"
EndProject
Global
	GlobalSection(SolutionConfigurationPlatforms) = preSolution
		Debug|Any CPU = Debug|Any CPU
		Release|Any CPU = Release|Any CPU
	EndGlobalSection
	GlobalSection(ProjectConfigurationPlatforms) = postSolution
		{C17A5E8A-1949-4853-947A-7DCE07721368}.Debug|Any CPU.ActiveCfg = Debug|Any CPU
		{C17A5E8A-1949-4853-947A-7DCE07721368}.Debug|Any CPU.Build.0 = Debug|Any CPU
		{C17A5E8A-1949-4853-947A-7DCE07721368}.Release|Any CPU.ActiveCfg = Release|Any CPU
		{C17A5E8A-1949-4853-947A-7DCE07721368}.Release|Any CPU.Build.0 = Release|Any CPU
	EndGlobalSection
	GlobalSection(SolutionProperties) = preSolution
		HideSolutionNode = FALSE
	EndGlobalSection
	GlobalSection(ExtensibilityGlobals) = postSolution
		SolutionGuid = {6D98EFA1-141C-4014-99B8-394743C212E2}
	EndGlobalSection
EndGlobal
